
Microsoft Visual Studio Solution File, Format Version 12.00
# Visual Studio Version 17
VisualStudioVersion = 17.0.31903.59
MinimumVisualStudioVersion = 10.0.40219.1
Project("{2150E333-8FDC-42A3-9474-1A3956D46DE8}") = "src", "src", "{827E0CD3-B72D-47B6-A68D-7590B98EB39B}"
EndProject
Project("{FAE04EC0-301F-11D3-BF4B-00C04F79EFBC}") = "HeadphoneStore.API", "src\HeadphoneStore.API\HeadphoneStore.API.csproj", "{9AA68A1F-361C-4F83-9345-4C9DC49E588B}"
EndProject
Project("{FAE04EC0-301F-11D3-BF4B-00C04F79EFBC}") = "HeadphoneStore.Application", "src\HeadphoneStore.Application\HeadphoneStore.Application.csproj", "{8BFE47A0-14C6-47C7-81FD-F04D9B051563}"
EndProject
Project("{FAE04EC0-301F-11D3-BF4B-00C04F79EFBC}") = "HeadphoneStore.Shared", "src\HeadphoneStore.Shared\HeadphoneStore.Shared.csproj", "{45BCAFE9-32B6-4C30-B324-B789ADECDC10}"
EndProject
Project("{FAE04EC0-301F-11D3-BF4B-00C04F79EFBC}") = "HeadphoneStore.Domain", "src\HeadphoneStore.Domain\HeadphoneStore.Domain.csproj", "{E28B602C-992E-4840-8762-683CAA464005}"
EndProject
Project("{FAE04EC0-301F-11D3-BF4B-00C04F79EFBC}") = "HeadphoneStore.Infrastructure", "src\HeadphoneStore.Infrastructure\HeadphoneStore.Infrastructure.csproj", "{1E85EE01-EB53-4951-A25F-A66CB45B65DF}"
EndProject
Project("{FAE04EC0-301F-11D3-BF4B-00C04F79EFBC}") = "HeadphoneStore.Persistence", "src\HeadphoneStore.Persistence\HeadphoneStore.Persistence.csproj", "{33D57CD8-6524-4172-95B0-1887280B24C4}"
EndProject
Project("{FAE04EC0-301F-11D3-BF4B-00C04F79EFBC}") = "HeadphoneStore.StoreFrontEnd", "src\HeadphoneStore.StoreFrontEnd\HeadphoneStore.StoreFrontEnd.csproj", "{8202632B-8E9D-4193-802B-3EE9776F8D65}"
EndProject
Project("{FAE04EC0-301F-11D3-BF4B-00C04F79EFBC}") = "HeadphoneStore.Request.Client", "src\HeadphoneStore.Request.Client\HeadphoneStore.Request.Client.csproj", "{F6D0D31E-7E8A-C1FF-BBF6-3AF740D3BA0C}"
EndProject
Project("{E53339B2-1760-4266-BCC7-CA923CBCF16C}") = "docker-compose", "docker-compose.dcproj", "{81DDED9D-158B-E303-5F62-77A2896D2A5A}"
EndProject
Project("{2150E333-8FDC-42A3-9474-1A3956D46DE8}") = "Solution Items", "Solution Items", "{8EC462FD-D22E-90A8-E5CE-7E832BA40C5D}"
	ProjectSection(SolutionItems) = preProject
		.env = .env
		.env.example = .env.example
	EndProjectSection
EndProject
Project("{2150E333-8FDC-42A3-9474-1A3956D46DE8}") = "tests", "tests", "{02EA681E-C7D8-13C7-8484-4AC65E1B71E8}"
EndProject
Project("{FAE04EC0-301F-11D3-BF4B-00C04F79EFBC}") = "HeadphoneStore.UnitTests", "tests\HeadphoneStore.UnitTests\HeadphoneStore.UnitTests.csproj", "{2BC7ACC0-C4C1-4EFA-8A90-549322848DDE}"
EndProject
Project("{FAE04EC0-301F-11D3-BF4B-00C04F79EFBC}") = "HeadphoneStore.AppHost", "src\HeadphoneStore.AppHost\HeadphoneStore.AppHost.csproj", "{B9DBCA87-EA31-4280-B965-11458E037823}"
EndProject
Project("{FAE04EC0-301F-11D3-BF4B-00C04F79EFBC}") = "HeadphoneStore.ServiceDefaults", "src\HeadphoneStore.ServiceDefaults\HeadphoneStore.ServiceDefaults.csproj", "{8C231D74-EDF2-7B3A-078F-8D16D2D9F0CB}"
EndProject
Project("{54A90642-561A-4BB1-A94E-469ADEE60C69}") = "HeadphoneStore.BackOffice", "src\HeadphoneStore.BackOffice\HeadphoneStore.BackOffice.esproj", "{A1AFA740-C997-9A7B-7A58-F5DC4B0F3F3A}"
EndProject
Project("{FAE04EC0-301F-11D3-BF4B-00C04F79EFBC}") = "HeadphoneStore.Proxy", "src\HeadphoneStore.Proxy\HeadphoneStore.Proxy.csproj", "{FD037226-6845-48EA-E037-A31FD0716B88}"
EndProject
Global
	GlobalSection(SolutionConfigurationPlatforms) = preSolution
		Debug|Any CPU = Debug|Any CPU
		Debug|x64 = Debug|x64
		Debug|x86 = Debug|x86
		Release|Any CPU = Release|Any CPU
		Release|x64 = Release|x64
		Release|x86 = Release|x86
	EndGlobalSection
	GlobalSection(ProjectConfigurationPlatforms) = postSolution
		{9AA68A1F-361C-4F83-9345-4C9DC49E588B}.Debug|Any CPU.ActiveCfg = Debug|Any CPU
		{9AA68A1F-361C-4F83-9345-4C9DC49E588B}.Debug|Any CPU.Build.0 = Debug|Any CPU
		{9AA68A1F-361C-4F83-9345-4C9DC49E588B}.Debug|x64.ActiveCfg = Debug|Any CPU
		{9AA68A1F-361C-4F83-9345-4C9DC49E588B}.Debug|x64.Build.0 = Debug|Any CPU
		{9AA68A1F-361C-4F83-9345-4C9DC49E588B}.Debug|x86.ActiveCfg = Debug|Any CPU
		{9AA68A1F-361C-4F83-9345-4C9DC49E588B}.Debug|x86.Build.0 = Debug|Any CPU
		{9AA68A1F-361C-4F83-9345-4C9DC49E588B}.Release|Any CPU.ActiveCfg = Release|Any CPU
		{9AA68A1F-361C-4F83-9345-4C9DC49E588B}.Release|Any CPU.Build.0 = Release|Any CPU
		{9AA68A1F-361C-4F83-9345-4C9DC49E588B}.Release|x64.ActiveCfg = Release|Any CPU
		{9AA68A1F-361C-4F83-9345-4C9DC49E588B}.Release|x64.Build.0 = Release|Any CPU
		{9AA68A1F-361C-4F83-9345-4C9DC49E588B}.Release|x86.ActiveCfg = Release|Any CPU
		{9AA68A1F-361C-4F83-9345-4C9DC49E588B}.Release|x86.Build.0 = Release|Any CPU
		{8BFE47A0-14C6-47C7-81FD-F04D9B051563}.Debug|Any CPU.ActiveCfg = Debug|Any CPU
		{8BFE47A0-14C6-47C7-81FD-F04D9B051563}.Debug|Any CPU.Build.0 = Debug|Any CPU
		{8BFE47A0-14C6-47C7-81FD-F04D9B051563}.Debug|x64.ActiveCfg = Debug|Any CPU
		{8BFE47A0-14C6-47C7-81FD-F04D9B051563}.Debug|x64.Build.0 = Debug|Any CPU
		{8BFE47A0-14C6-47C7-81FD-F04D9B051563}.Debug|x86.ActiveCfg = Debug|Any CPU
		{8BFE47A0-14C6-47C7-81FD-F04D9B051563}.Debug|x86.Build.0 = Debug|Any CPU
		{8BFE47A0-14C6-47C7-81FD-F04D9B051563}.Release|Any CPU.ActiveCfg = Release|Any CPU
		{8BFE47A0-14C6-47C7-81FD-F04D9B051563}.Release|Any CPU.Build.0 = Release|Any CPU
		{8BFE47A0-14C6-47C7-81FD-F04D9B051563}.Release|x64.ActiveCfg = Release|Any CPU
		{8BFE47A0-14C6-47C7-81FD-F04D9B051563}.Release|x64.Build.0 = Release|Any CPU
		{8BFE47A0-14C6-47C7-81FD-F04D9B051563}.Release|x86.ActiveCfg = Release|Any CPU
		{8BFE47A0-14C6-47C7-81FD-F04D9B051563}.Release|x86.Build.0 = Release|Any CPU
		{45BCAFE9-32B6-4C30-B324-B789ADECDC10}.Debug|Any CPU.ActiveCfg = Debug|Any CPU
		{45BCAFE9-32B6-4C30-B324-B789ADECDC10}.Debug|Any CPU.Build.0 = Debug|Any CPU
		{45BCAFE9-32B6-4C30-B324-B789ADECDC10}.Debug|x64.ActiveCfg = Debug|Any CPU
		{45BCAFE9-32B6-4C30-B324-B789ADECDC10}.Debug|x64.Build.0 = Debug|Any CPU
		{45BCAFE9-32B6-4C30-B324-B789ADECDC10}.Debug|x86.ActiveCfg = Debug|Any CPU
		{45BCAFE9-32B6-4C30-B324-B789ADECDC10}.Debug|x86.Build.0 = Debug|Any CPU
		{45BCAFE9-32B6-4C30-B324-B789ADECDC10}.Release|Any CPU.ActiveCfg = Release|Any CPU
		{45BCAFE9-32B6-4C30-B324-B789ADECDC10}.Release|Any CPU.Build.0 = Release|Any CPU
		{45BCAFE9-32B6-4C30-B324-B789ADECDC10}.Release|x64.ActiveCfg = Release|Any CPU
		{45BCAFE9-32B6-4C30-B324-B789ADECDC10}.Release|x64.Build.0 = Release|Any CPU
		{45BCAFE9-32B6-4C30-B324-B789ADECDC10}.Release|x86.ActiveCfg = Release|Any CPU
		{45BCAFE9-32B6-4C30-B324-B789ADECDC10}.Release|x86.Build.0 = Release|Any CPU
		{E28B602C-992E-4840-8762-683CAA464005}.Debug|Any CPU.ActiveCfg = Debug|Any CPU
		{E28B602C-992E-4840-8762-683CAA464005}.Debug|Any CPU.Build.0 = Debug|Any CPU
		{E28B602C-992E-4840-8762-683CAA464005}.Debug|x64.ActiveCfg = Debug|Any CPU
		{E28B602C-992E-4840-8762-683CAA464005}.Debug|x64.Build.0 = Debug|Any CPU
		{E28B602C-992E-4840-8762-683CAA464005}.Debug|x86.ActiveCfg = Debug|Any CPU
		{E28B602C-992E-4840-8762-683CAA464005}.Debug|x86.Build.0 = Debug|Any CPU
		{E28B602C-992E-4840-8762-683CAA464005}.Release|Any CPU.ActiveCfg = Release|Any CPU
		{E28B602C-992E-4840-8762-683CAA464005}.Release|Any CPU.Build.0 = Release|Any CPU
		{E28B602C-992E-4840-8762-683CAA464005}.Release|x64.ActiveCfg = Release|Any CPU
		{E28B602C-992E-4840-8762-683CAA464005}.Release|x64.Build.0 = Release|Any CPU
		{E28B602C-992E-4840-8762-683CAA464005}.Release|x86.ActiveCfg = Release|Any CPU
		{E28B602C-992E-4840-8762-683CAA464005}.Release|x86.Build.0 = Release|Any CPU
		{1E85EE01-EB53-4951-A25F-A66CB45B65DF}.Debug|Any CPU.ActiveCfg = Debug|Any CPU
		{1E85EE01-EB53-4951-A25F-A66CB45B65DF}.Debug|Any CPU.Build.0 = Debug|Any CPU
		{1E85EE01-EB53-4951-A25F-A66CB45B65DF}.Debug|x64.ActiveCfg = Debug|Any CPU
		{1E85EE01-EB53-4951-A25F-A66CB45B65DF}.Debug|x64.Build.0 = Debug|Any CPU
		{1E85EE01-EB53-4951-A25F-A66CB45B65DF}.Debug|x86.ActiveCfg = Debug|Any CPU
		{1E85EE01-EB53-4951-A25F-A66CB45B65DF}.Debug|x86.Build.0 = Debug|Any CPU
		{1E85EE01-EB53-4951-A25F-A66CB45B65DF}.Release|Any CPU.ActiveCfg = Release|Any CPU
		{1E85EE01-EB53-4951-A25F-A66CB45B65DF}.Release|Any CPU.Build.0 = Release|Any CPU
		{1E85EE01-EB53-4951-A25F-A66CB45B65DF}.Release|x64.ActiveCfg = Release|Any CPU
		{1E85EE01-EB53-4951-A25F-A66CB45B65DF}.Release|x64.Build.0 = Release|Any CPU
		{1E85EE01-EB53-4951-A25F-A66CB45B65DF}.Release|x86.ActiveCfg = Release|Any CPU
		{1E85EE01-EB53-4951-A25F-A66CB45B65DF}.Release|x86.Build.0 = Release|Any CPU
		{33D57CD8-6524-4172-95B0-1887280B24C4}.Debug|Any CPU.ActiveCfg = Debug|Any CPU
		{33D57CD8-6524-4172-95B0-1887280B24C4}.Debug|Any CPU.Build.0 = Debug|Any CPU
		{33D57CD8-6524-4172-95B0-1887280B24C4}.Debug|x64.ActiveCfg = Debug|Any CPU
		{33D57CD8-6524-4172-95B0-1887280B24C4}.Debug|x64.Build.0 = Debug|Any CPU
		{33D57CD8-6524-4172-95B0-1887280B24C4}.Debug|x86.ActiveCfg = Debug|Any CPU
		{33D57CD8-6524-4172-95B0-1887280B24C4}.Debug|x86.Build.0 = Debug|Any CPU
		{33D57CD8-6524-4172-95B0-1887280B24C4}.Release|Any CPU.ActiveCfg = Release|Any CPU
		{33D57CD8-6524-4172-95B0-1887280B24C4}.Release|Any CPU.Build.0 = Release|Any CPU
		{33D57CD8-6524-4172-95B0-1887280B24C4}.Release|x64.ActiveCfg = Release|Any CPU
		{33D57CD8-6524-4172-95B0-1887280B24C4}.Release|x64.Build.0 = Release|Any CPU
		{33D57CD8-6524-4172-95B0-1887280B24C4}.Release|x86.ActiveCfg = Release|Any CPU
		{33D57CD8-6524-4172-95B0-1887280B24C4}.Release|x86.Build.0 = Release|Any CPU
		{8202632B-8E9D-4193-802B-3EE9776F8D65}.Debug|Any CPU.ActiveCfg = Debug|Any CPU
		{8202632B-8E9D-4193-802B-3EE9776F8D65}.Debug|Any CPU.Build.0 = Debug|Any CPU
		{8202632B-8E9D-4193-802B-3EE9776F8D65}.Debug|x64.ActiveCfg = Debug|Any CPU
		{8202632B-8E9D-4193-802B-3EE9776F8D65}.Debug|x64.Build.0 = Debug|Any CPU
		{8202632B-8E9D-4193-802B-3EE9776F8D65}.Debug|x86.ActiveCfg = Debug|Any CPU
		{8202632B-8E9D-4193-802B-3EE9776F8D65}.Debug|x86.Build.0 = Debug|Any CPU
		{8202632B-8E9D-4193-802B-3EE9776F8D65}.Release|Any CPU.ActiveCfg = Release|Any CPU
		{8202632B-8E9D-4193-802B-3EE9776F8D65}.Release|Any CPU.Build.0 = Release|Any CPU
		{8202632B-8E9D-4193-802B-3EE9776F8D65}.Release|x64.ActiveCfg = Release|Any CPU
		{8202632B-8E9D-4193-802B-3EE9776F8D65}.Release|x64.Build.0 = Release|Any CPU
		{8202632B-8E9D-4193-802B-3EE9776F8D65}.Release|x86.ActiveCfg = Release|Any CPU
		{8202632B-8E9D-4193-802B-3EE9776F8D65}.Release|x86.Build.0 = Release|Any CPU
		{F6D0D31E-7E8A-C1FF-BBF6-3AF740D3BA0C}.Debug|Any CPU.ActiveCfg = Debug|Any CPU
		{F6D0D31E-7E8A-C1FF-BBF6-3AF740D3BA0C}.Debug|Any CPU.Build.0 = Debug|Any CPU
		{F6D0D31E-7E8A-C1FF-BBF6-3AF740D3BA0C}.Debug|x64.ActiveCfg = Debug|Any CPU
		{F6D0D31E-7E8A-C1FF-BBF6-3AF740D3BA0C}.Debug|x64.Build.0 = Debug|Any CPU
		{F6D0D31E-7E8A-C1FF-BBF6-3AF740D3BA0C}.Debug|x86.ActiveCfg = Debug|Any CPU
		{F6D0D31E-7E8A-C1FF-BBF6-3AF740D3BA0C}.Debug|x86.Build.0 = Debug|Any CPU
		{F6D0D31E-7E8A-C1FF-BBF6-3AF740D3BA0C}.Release|Any CPU.ActiveCfg = Release|Any CPU
		{F6D0D31E-7E8A-C1FF-BBF6-3AF740D3BA0C}.Release|Any CPU.Build.0 = Release|Any CPU
		{F6D0D31E-7E8A-C1FF-BBF6-3AF740D3BA0C}.Release|x64.ActiveCfg = Release|Any CPU
		{F6D0D31E-7E8A-C1FF-BBF6-3AF740D3BA0C}.Release|x64.Build.0 = Release|Any CPU
		{F6D0D31E-7E8A-C1FF-BBF6-3AF740D3BA0C}.Release|x86.ActiveCfg = Release|Any CPU
		{F6D0D31E-7E8A-C1FF-BBF6-3AF740D3BA0C}.Release|x86.Build.0 = Release|Any CPU
		{81DDED9D-158B-E303-5F62-77A2896D2A5A}.Debug|Any CPU.ActiveCfg = Debug|Any CPU
		{81DDED9D-158B-E303-5F62-77A2896D2A5A}.Debug|Any CPU.Build.0 = Debug|Any CPU
		{81DDED9D-158B-E303-5F62-77A2896D2A5A}.Debug|x64.ActiveCfg = Debug|Any CPU
		{81DDED9D-158B-E303-5F62-77A2896D2A5A}.Debug|x64.Build.0 = Debug|Any CPU
		{81DDED9D-158B-E303-5F62-77A2896D2A5A}.Debug|x86.ActiveCfg = Debug|Any CPU
		{81DDED9D-158B-E303-5F62-77A2896D2A5A}.Debug|x86.Build.0 = Debug|Any CPU
		{81DDED9D-158B-E303-5F62-77A2896D2A5A}.Release|Any CPU.ActiveCfg = Release|Any CPU
		{81DDED9D-158B-E303-5F62-77A2896D2A5A}.Release|Any CPU.Build.0 = Release|Any CPU
		{81DDED9D-158B-E303-5F62-77A2896D2A5A}.Release|x64.ActiveCfg = Release|Any CPU
		{81DDED9D-158B-E303-5F62-77A2896D2A5A}.Release|x64.Build.0 = Release|Any CPU
		{81DDED9D-158B-E303-5F62-77A2896D2A5A}.Release|x86.ActiveCfg = Release|Any CPU
		{81DDED9D-158B-E303-5F62-77A2896D2A5A}.Release|x86.Build.0 = Release|Any CPU
		{2BC7ACC0-C4C1-4EFA-8A90-549322848DDE}.Debug|Any CPU.ActiveCfg = Debug|Any CPU
		{2BC7ACC0-C4C1-4EFA-8A90-549322848DDE}.Debug|Any CPU.Build.0 = Debug|Any CPU
		{2BC7ACC0-C4C1-4EFA-8A90-549322848DDE}.Debug|x64.ActiveCfg = Debug|Any CPU
		{2BC7ACC0-C4C1-4EFA-8A90-549322848DDE}.Debug|x64.Build.0 = Debug|Any CPU
		{2BC7ACC0-C4C1-4EFA-8A90-549322848DDE}.Debug|x86.ActiveCfg = Debug|Any CPU
		{2BC7ACC0-C4C1-4EFA-8A90-549322848DDE}.Debug|x86.Build.0 = Debug|Any CPU
		{2BC7ACC0-C4C1-4EFA-8A90-549322848DDE}.Release|Any CPU.ActiveCfg = Release|Any CPU
		{2BC7ACC0-C4C1-4EFA-8A90-549322848DDE}.Release|Any CPU.Build.0 = Release|Any CPU
		{2BC7ACC0-C4C1-4EFA-8A90-549322848DDE}.Release|x64.ActiveCfg = Release|Any CPU
		{2BC7ACC0-C4C1-4EFA-8A90-549322848DDE}.Release|x64.Build.0 = Release|Any CPU
		{2BC7ACC0-C4C1-4EFA-8A90-549322848DDE}.Release|x86.ActiveCfg = Release|Any CPU
		{2BC7ACC0-C4C1-4EFA-8A90-549322848DDE}.Release|x86.Build.0 = Release|Any CPU
		{B9DBCA87-EA31-4280-B965-11458E037823}.Debug|Any CPU.ActiveCfg = Debug|Any CPU
		{B9DBCA87-EA31-4280-B965-11458E037823}.Debug|Any CPU.Build.0 = Debug|Any CPU
		{B9DBCA87-EA31-4280-B965-11458E037823}.Debug|x64.ActiveCfg = Debug|Any CPU
		{B9DBCA87-EA31-4280-B965-11458E037823}.Debug|x64.Build.0 = Debug|Any CPU
		{B9DBCA87-EA31-4280-B965-11458E037823}.Debug|x86.ActiveCfg = Debug|Any CPU
		{B9DBCA87-EA31-4280-B965-11458E037823}.Debug|x86.Build.0 = Debug|Any CPU
		{B9DBCA87-EA31-4280-B965-11458E037823}.Release|Any CPU.ActiveCfg = Release|Any CPU
		{B9DBCA87-EA31-4280-B965-11458E037823}.Release|Any CPU.Build.0 = Release|Any CPU
		{B9DBCA87-EA31-4280-B965-11458E037823}.Release|x64.ActiveCfg = Release|Any CPU
		{B9DBCA87-EA31-4280-B965-11458E037823}.Release|x64.Build.0 = Release|Any CPU
		{B9DBCA87-EA31-4280-B965-11458E037823}.Release|x86.ActiveCfg = Release|Any CPU
		{B9DBCA87-EA31-4280-B965-11458E037823}.Release|x86.Build.0 = Release|Any CPU
		{8C231D74-EDF2-7B3A-078F-8D16D2D9F0CB}.Debug|Any CPU.ActiveCfg = Debug|Any CPU
		{8C231D74-EDF2-7B3A-078F-8D16D2D9F0CB}.Debug|Any CPU.Build.0 = Debug|Any CPU
		{8C231D74-EDF2-7B3A-078F-8D16D2D9F0CB}.Debug|x64.ActiveCfg = Debug|Any CPU
		{8C231D74-EDF2-7B3A-078F-8D16D2D9F0CB}.Debug|x64.Build.0 = Debug|Any CPU
		{8C231D74-EDF2-7B3A-078F-8D16D2D9F0CB}.Debug|x86.ActiveCfg = Debug|Any CPU
		{8C231D74-EDF2-7B3A-078F-8D16D2D9F0CB}.Debug|x86.Build.0 = Debug|Any CPU
		{8C231D74-EDF2-7B3A-078F-8D16D2D9F0CB}.Release|Any CPU.ActiveCfg = Release|Any CPU
		{8C231D74-EDF2-7B3A-078F-8D16D2D9F0CB}.Release|Any CPU.Build.0 = Release|Any CPU
		{8C231D74-EDF2-7B3A-078F-8D16D2D9F0CB}.Release|x64.ActiveCfg = Release|Any CPU
		{8C231D74-EDF2-7B3A-078F-8D16D2D9F0CB}.Release|x64.Build.0 = Release|Any CPU
		{8C231D74-EDF2-7B3A-078F-8D16D2D9F0CB}.Release|x86.ActiveCfg = Release|Any CPU
		{8C231D74-EDF2-7B3A-078F-8D16D2D9F0CB}.Release|x86.Build.0 = Release|Any CPU
		{A1AFA740-C997-9A7B-7A58-F5DC4B0F3F3A}.Debug|Any CPU.ActiveCfg = Debug|Any CPU
		{A1AFA740-C997-9A7B-7A58-F5DC4B0F3F3A}.Debug|Any CPU.Build.0 = Debug|Any CPU
		{A1AFA740-C997-9A7B-7A58-F5DC4B0F3F3A}.Debug|Any CPU.Deploy.0 = Debug|Any CPU
		{A1AFA740-C997-9A7B-7A58-F5DC4B0F3F3A}.Debug|x64.ActiveCfg = Debug|Any CPU
		{A1AFA740-C997-9A7B-7A58-F5DC4B0F3F3A}.Debug|x64.Build.0 = Debug|Any CPU
		{A1AFA740-C997-9A7B-7A58-F5DC4B0F3F3A}.Debug|x64.Deploy.0 = Debug|Any CPU
		{A1AFA740-C997-9A7B-7A58-F5DC4B0F3F3A}.Debug|x86.ActiveCfg = Debug|Any CPU
		{A1AFA740-C997-9A7B-7A58-F5DC4B0F3F3A}.Debug|x86.Build.0 = Debug|Any CPU
		{A1AFA740-C997-9A7B-7A58-F5DC4B0F3F3A}.Debug|x86.Deploy.0 = Debug|Any CPU
		{A1AFA740-C997-9A7B-7A58-F5DC4B0F3F3A}.Release|Any CPU.ActiveCfg = Release|Any CPU
		{A1AFA740-C997-9A7B-7A58-F5DC4B0F3F3A}.Release|Any CPU.Build.0 = Release|Any CPU
		{A1AFA740-C997-9A7B-7A58-F5DC4B0F3F3A}.Release|Any CPU.Deploy.0 = Release|Any CPU
		{A1AFA740-C997-9A7B-7A58-F5DC4B0F3F3A}.Release|x64.ActiveCfg = Release|Any CPU
		{A1AFA740-C997-9A7B-7A58-F5DC4B0F3F3A}.Release|x64.Build.0 = Release|Any CPU
		{A1AFA740-C997-9A7B-7A58-F5DC4B0F3F3A}.Release|x64.Deploy.0 = Release|Any CPU
		{A1AFA740-C997-9A7B-7A58-F5DC4B0F3F3A}.Release|x86.ActiveCfg = Release|Any CPU
		{A1AFA740-C997-9A7B-7A58-F5DC4B0F3F3A}.Release|x86.Build.0 = Release|Any CPU
		{A1AFA740-C997-9A7B-7A58-F5DC4B0F3F3A}.Release|x86.Deploy.0 = Release|Any CPU
		{FD037226-6845-48EA-E037-A31FD0716B88}.Debug|Any CPU.ActiveCfg = Debug|Any CPU
		{FD037226-6845-48EA-E037-A31FD0716B88}.Debug|Any CPU.Build.0 = Debug|Any CPU
		{FD037226-6845-48EA-E037-A31FD0716B88}.Debug|x64.ActiveCfg = Debug|Any CPU
		{FD037226-6845-48EA-E037-A31FD0716B88}.Debug|x64.Build.0 = Debug|Any CPU
		{FD037226-6845-48EA-E037-A31FD0716B88}.Debug|x86.ActiveCfg = Debug|Any CPU
		{FD037226-6845-48EA-E037-A31FD0716B88}.Debug|x86.Build.0 = Debug|Any CPU
		{FD037226-6845-48EA-E037-A31FD0716B88}.Release|Any CPU.ActiveCfg = Release|Any CPU
		{FD037226-6845-48EA-E037-A31FD0716B88}.Release|Any CPU.Build.0 = Release|Any CPU
		{FD037226-6845-48EA-E037-A31FD0716B88}.Release|x64.ActiveCfg = Release|Any CPU
		{FD037226-6845-48EA-E037-A31FD0716B88}.Release|x64.Build.0 = Release|Any CPU
		{FD037226-6845-48EA-E037-A31FD0716B88}.Release|x86.ActiveCfg = Release|Any CPU
		{FD037226-6845-48EA-E037-A31FD0716B88}.Release|x86.Build.0 = Release|Any CPU
	EndGlobalSection
	GlobalSection(SolutionProperties) = preSolution
		HideSolutionNode = FALSE
	EndGlobalSection
	GlobalSection(NestedProjects) = preSolution
		{9AA68A1F-361C-4F83-9345-4C9DC49E588B} = {827E0CD3-B72D-47B6-A68D-7590B98EB39B}
		{8BFE47A0-14C6-47C7-81FD-F04D9B051563} = {827E0CD3-B72D-47B6-A68D-7590B98EB39B}
		{45BCAFE9-32B6-4C30-B324-B789ADECDC10} = {827E0CD3-B72D-47B6-A68D-7590B98EB39B}
		{E28B602C-992E-4840-8762-683CAA464005} = {827E0CD3-B72D-47B6-A68D-7590B98EB39B}
		{1E85EE01-EB53-4951-A25F-A66CB45B65DF} = {827E0CD3-B72D-47B6-A68D-7590B98EB39B}
		{33D57CD8-6524-4172-95B0-1887280B24C4} = {827E0CD3-B72D-47B6-A68D-7590B98EB39B}
		{8202632B-8E9D-4193-802B-3EE9776F8D65} = {827E0CD3-B72D-47B6-A68D-7590B98EB39B}
		{F6D0D31E-7E8A-C1FF-BBF6-3AF740D3BA0C} = {827E0CD3-B72D-47B6-A68D-7590B98EB39B}
		{2BC7ACC0-C4C1-4EFA-8A90-549322848DDE} = {02EA681E-C7D8-13C7-8484-4AC65E1B71E8}
		{B9DBCA87-EA31-4280-B965-11458E037823} = {827E0CD3-B72D-47B6-A68D-7590B98EB39B}
		{8C231D74-EDF2-7B3A-078F-8D16D2D9F0CB} = {827E0CD3-B72D-47B6-A68D-7590B98EB39B}
		{A1AFA740-C997-9A7B-7A58-F5DC4B0F3F3A} = {827E0CD3-B72D-47B6-A68D-7590B98EB39B}
		{FD037226-6845-48EA-E037-A31FD0716B88} = {827E0CD3-B72D-47B6-A68D-7590B98EB39B}
	EndGlobalSection
	GlobalSection(ExtensibilityGlobals) = postSolution
		SolutionGuid = {C822DED8-0503-4981-A6BB-2AD1CF1C9C33}
	EndGlobalSection
EndGlobal
